
Microsoft Visual Studio Solution File, Format Version 12.00
# Visual Studio Version 16
VisualStudioVersion = 16.0.29326.143
MinimumVisualStudioVersion = 10.0.40219.1
Project("{FAE04EC0-301F-11D3-BF4B-00C04F79EFBC}") = "AstraKundliMantra", "AstraKundliMantra\AstraKundliMantra.csproj", "{2932DDA8-E6C2-467C-A3BC-BCDDC3A88819}"
EndProject
Global
	GlobalSection(SolutionConfigurationPlatforms) = preSolution
		Debug|Any CPU = Debug|Any CPU
		Release|Any CPU = Release|Any CPU
	EndGlobalSection
	GlobalSection(ProjectConfigurationPlatforms) = postSolution
		{2932DDA8-E6C2-467C-A3BC-BCDDC3A88819}.Debug|Any CPU.ActiveCfg = Debug|Any CPU
		{2932DDA8-E6C2-467C-A3BC-BCDDC3A88819}.Debug|Any CPU.Build.0 = Debug|Any CPU
		{2932DDA8-E6C2-467C-A3BC-BCDDC3A88819}.Release|Any CPU.ActiveCfg = Release|Any CPU
		{2932DDA8-E6C2-467C-A3BC-BCDDC3A88819}.Release|Any CPU.Build.0 = Release|Any CPU
	EndGlobalSection
	GlobalSection(SolutionProperties) = preSolution
		HideSolutionNode = FALSE
	EndGlobalSection
	GlobalSection(ExtensibilityGlobals) = postSolution
		SolutionGuid = {4A089B4A-91C6-4578-97F7-3F2CF06D9808}
	EndGlobalSection
EndGlobal
